
Microsoft Visual Studio Solution File, Format Version 12.00
# Visual Studio Version 17
VisualStudioVersion = 17.7.34031.279
MinimumVisualStudioVersion = 10.0.40219.1
Project("{FAE04EC0-301F-11D3-BF4B-00C04F79EFBC}") = "Zero_Hungermidterm", "Zero_Hungermidterm\Zero_Hungermidterm.csproj", "{13B0B3D9-21DB-4839-AEF9-34A42853B87F}"
EndProject
Global
	GlobalSection(SolutionConfigurationPlatforms) = preSolution
		Debug|Any CPU = Debug|Any CPU
		Release|Any CPU = Release|Any CPU
	EndGlobalSection
	GlobalSection(ProjectConfigurationPlatforms) = postSolution
		{13B0B3D9-21DB-4839-AEF9-34A42853B87F}.Debug|Any CPU.ActiveCfg = Debug|Any CPU
		{13B0B3D9-21DB-4839-AEF9-34A42853B87F}.Debug|Any CPU.Build.0 = Debug|Any CPU
		{13B0B3D9-21DB-4839-AEF9-34A42853B87F}.Release|Any CPU.ActiveCfg = Release|Any CPU
		{13B0B3D9-21DB-4839-AEF9-34A42853B87F}.Release|Any CPU.Build.0 = Release|Any CPU
	EndGlobalSection
	GlobalSection(SolutionProperties) = preSolution
		HideSolutionNode = FALSE
	EndGlobalSection
	GlobalSection(ExtensibilityGlobals) = postSolution
		SolutionGuid = {4A208735-0880-410C-91A1-DF0B0F5B3266}
	EndGlobalSection
EndGlobal
